
Microsoft Visual Studio Solution File, Format Version 12.00
# Visual Studio 15
VisualStudioVersion = 15.0.28010.2036
MinimumVisualStudioVersion = 10.0.40219.1
Project("{FAE04EC0-301F-11D3-BF4B-00C04F79EFBC}") = "02_zoo", "02_zoo\02_zoo.csproj", "{D7A8F31B-D8BC-4AB5-9D1C-10F4840C3B67}"
EndProject
Global
	GlobalSection(SolutionConfigurationPlatforms) = preSolution
		Debug|Any CPU = Debug|Any CPU
		Release|Any CPU = Release|Any CPU
	EndGlobalSection
	GlobalSection(ProjectConfigurationPlatforms) = postSolution
		{D7A8F31B-D8BC-4AB5-9D1C-10F4840C3B67}.Debug|Any CPU.ActiveCfg = Debug|Any CPU
		{D7A8F31B-D8BC-4AB5-9D1C-10F4840C3B67}.Debug|Any CPU.Build.0 = Debug|Any CPU
		{D7A8F31B-D8BC-4AB5-9D1C-10F4840C3B67}.Release|Any CPU.ActiveCfg = Release|Any CPU
		{D7A8F31B-D8BC-4AB5-9D1C-10F4840C3B67}.Release|Any CPU.Build.0 = Release|Any CPU
	EndGlobalSection
	GlobalSection(SolutionProperties) = preSolution
		HideSolutionNode = FALSE
	EndGlobalSection
	GlobalSection(ExtensibilityGlobals) = postSolution
		SolutionGuid = {99006F75-B72B-4279-B65A-88F95CC86E19}
	EndGlobalSection
EndGlobal
